
Microsoft Visual Studio Solution File, Format Version 12.00
# Visual Studio Version 16
VisualStudioVersion = 16.0.31205.134
MinimumVisualStudioVersion = 10.0.40219.1
Project("{FAE04EC0-301F-11D3-BF4B-00C04F79EFBC}") = "WPF-Calc", "WPF-Calc\WPF-Calc.csproj", "{7D13AD7A-AF52-4A89-B0AA-5022DE6DE625}"
EndProject
Global
	GlobalSection(SolutionConfigurationPlatforms) = preSolution
		Debug|Any CPU = Debug|Any CPU
		Release|Any CPU = Release|Any CPU
	EndGlobalSection
	GlobalSection(ProjectConfigurationPlatforms) = postSolution
		{7D13AD7A-AF52-4A89-B0AA-5022DE6DE625}.Debug|Any CPU.ActiveCfg = Debug|Any CPU
		{7D13AD7A-AF52-4A89-B0AA-5022DE6DE625}.Debug|Any CPU.Build.0 = Debug|Any CPU
		{7D13AD7A-AF52-4A89-B0AA-5022DE6DE625}.Release|Any CPU.ActiveCfg = Release|Any CPU
		{7D13AD7A-AF52-4A89-B0AA-5022DE6DE625}.Release|Any CPU.Build.0 = Release|Any CPU
	EndGlobalSection
	GlobalSection(SolutionProperties) = preSolution
		HideSolutionNode = FALSE
	EndGlobalSection
	GlobalSection(ExtensibilityGlobals) = postSolution
		SolutionGuid = {7CC758FD-176D-4A61-9790-8FF804356B85}
	EndGlobalSection
EndGlobal
